
Microsoft Visual Studio Solution File, Format Version 12.00
# Visual Studio Version 17
VisualStudioVersion = 17.5.33627.172
MinimumVisualStudioVersion = 10.0.40219.1
Project("{8BC9CEB8-8B4A-11D0-8D11-00A0C91BC942}") = "Asteroids", "A_New_new_game_2.0\A_New_new_game_2.0.vcxproj", "{4FF42FB0-9042-412D-8A26-5417A63B4F9F}"
EndProject
Global
	GlobalSection(SolutionConfigurationPlatforms) = preSolution
		Debug|x64 = Debug|x64
		Debug|x86 = Debug|x86
		Release|x64 = Release|x64
		Release|x86 = Release|x86
	EndGlobalSection
	GlobalSection(ProjectConfigurationPlatforms) = postSolution
		{4FF42FB0-9042-412D-8A26-5417A63B4F9F}.Debug|x64.ActiveCfg = Debug|x64
		{4FF42FB0-9042-412D-8A26-5417A63B4F9F}.Debug|x64.Build.0 = Debug|x64
		{4FF42FB0-9042-412D-8A26-5417A63B4F9F}.Debug|x86.ActiveCfg = Debug|Win32
		{4FF42FB0-9042-412D-8A26-5417A63B4F9F}.Debug|x86.Build.0 = Debug|Win32
		{4FF42FB0-9042-412D-8A26-5417A63B4F9F}.Release|x64.ActiveCfg = Release|x64
		{4FF42FB0-9042-412D-8A26-5417A63B4F9F}.Release|x64.Build.0 = Release|x64
		{4FF42FB0-9042-412D-8A26-5417A63B4F9F}.Release|x86.ActiveCfg = Release|Win32
		{4FF42FB0-9042-412D-8A26-5417A63B4F9F}.Release|x86.Build.0 = Release|Win32
	EndGlobalSection
	GlobalSection(SolutionProperties) = preSolution
		HideSolutionNode = FALSE
	EndGlobalSection
	GlobalSection(ExtensibilityGlobals) = postSolution
		SolutionGuid = {5730DAC0-CA71-4FC5-8F1D-EDD1D423905D}
	EndGlobalSection
EndGlobal
