<?xml version="1.0" encoding="utf-8"?>
<Project ToolsVersion="4.0" xmlns="http://schemas.microsoft.com/developer/msbuild/2003">
  <ItemGroup>
    <Text Include="CmakeLists.txt" />
  </ItemGroup>
  <ItemGroup>
    <None Include="README.md" />
    <None Include="scripts\player.lua">
      <Filter>scripts</Filter>
    </None>
    <None Include="vcpkg.json" />
    <None Include="scripts\asteroids.lua">
      <Filter>scripts</Filter>
    </None>
    <None Include="scripts\Enemy.lua">
      <Filter>scripts</Filter>
    </None>
    <None Include="CMakePresets.json" />
  </ItemGroup>
  <ItemGroup>
    <Filter Include="src %28.cpp%29">
      <UniqueIdentifier>{09b4db79-8642-4a04-b63e-e1868d23029d}</UniqueIdentifier>
    </Filter>
    <Filter Include="scripts">
      <UniqueIdentifier>{671375a3-2520-4bf6-8af9-587b60c592c4}</UniqueIdentifier>
    </Filter>
    <Filter Include="include %28.hpp%29">
      <UniqueIdentifier>{055e7532-50c1-4ce6-92d8-b95b27856e3c}</UniqueIdentifier>
    </Filter>
    <Filter Include="external">
      <UniqueIdentifier>{129f8fa6-36e2-4612-96d6-9ed8d039882d}</UniqueIdentifier>
    </Filter>
    <Filter Include="data">
      <UniqueIdentifier>{26fe5a47-3b9a-4fe4-970e-32dd3e9d9676}</UniqueIdentifier>
    </Filter>
    <Filter Include="include %28.hpp%29\systems">
      <UniqueIdentifier>{bfbe1e1a-c0ca-4a53-b620-2db12be1edda}</UniqueIdentifier>
    </Filter>
    <Filter Include="include %28.hpp%29\core">
      <UniqueIdentifier>{43ab2397-1d12-4008-9c86-a9651be41bf4}</UniqueIdentifier>
    </Filter>
    <Filter Include="include %28.hpp%29\utils">
      <UniqueIdentifier>{985bb761-7df5-4e91-944a-e63135894663}</UniqueIdentifier>
    </Filter>
  </ItemGroup>
  <ItemGroup>
    <ClCompile Include="src\game.cpp">
      <Filter>src %28.cpp%29</Filter>
    </ClCompile>
    <ClCompile Include="dump.cpp" />
  </ItemGroup>
  <ItemGroup>
    <ClInclude Include="Include\systems\ISystem.hpp">
      <Filter>include %28.hpp%29\systems</Filter>
    </ClInclude>
    <ClInclude Include="Include\core\EntityFactory.hpp">
      <Filter>include %28.hpp%29\core</Filter>
    </ClInclude>
    <ClInclude Include="Include\core\EntityManager.hpp">
      <Filter>include %28.hpp%29\core</Filter>
    </ClInclude>
    <ClInclude Include="Include\core\SystemManager.hpp">
      <Filter>include %28.hpp%29\core</Filter>
    </ClInclude>
    <ClInclude Include="Include\utils\components.hpp">
      <Filter>include %28.hpp%29\utils</Filter>
    </ClInclude>
    <ClInclude Include="Include\utils\GameConfig.hpp">
      <Filter>include %28.hpp%29\utils</Filter>
    </ClInclude>
    <ClInclude Include="Include\utils\InputRegistry.hpp">
      <Filter>include %28.hpp%29\utils</Filter>
    </ClInclude>
    <ClInclude Include="Include\systems\AISystem.hpp">
      <Filter>include %28.hpp%29\systems</Filter>
    </ClInclude>
    <ClInclude Include="Include\systems\PhysicsSystem.hpp">
      <Filter>include %28.hpp%29\systems</Filter>
    </ClInclude>
    <ClInclude Include="Include\systems\RenderSystem.hpp">
      <Filter>include %28.hpp%29\systems</Filter>
    </ClInclude>
    <ClInclude Include="Include\systems\DamageSystem.hpp">
      <Filter>include %28.hpp%29\systems</Filter>
    </ClInclude>
    <ClInclude Include="Include\systems\InputSystem.hpp">
      <Filter>include %28.hpp%29\systems</Filter>
    </ClInclude>
    <ClInclude Include="Include\systems\EnemySystem.hpp">
      <Filter>include %28.hpp%29\systems</Filter>
    </ClInclude>
    <ClInclude Include="Include\systems\WeaponSystem.hpp">
      <Filter>include %28.hpp%29\systems</Filter>
    </ClInclude>
    <ClInclude Include="Include\systems\BackgroundSystem.hpp">
      <Filter>include %28.hpp%29\systems</Filter>
    </ClInclude>
    <ClInclude Include="Include\systems\ParticleSystem.hpp">
      <Filter>include %28.hpp%29\systems</Filter>
    </ClInclude>
    <ClInclude Include="Include\systems\EffectsSystem.hpp">
      <Filter>include %28.hpp%29\systems</Filter>
    </ClInclude>
    <ClInclude Include="Include\systems\DebugSystem.hpp">
      <Filter>include %28.hpp%29\systems</Filter>
    </ClInclude>
    <ClInclude Include="Include\systems\ShipAnimSystem.hpp">
      <Filter>include %28.hpp%29\systems</Filter>
    </ClInclude>
    <ClInclude Include="Include\systems\CameraSystem.hpp">
      <Filter>include %28.hpp%29\systems</Filter>
    </ClInclude>
    <ClInclude Include="Include\systems\SpaceDustSystem.hpp">
      <Filter>include %28.hpp%29\systems</Filter>
    </ClInclude>
    <ClInclude Include="Include\systems\HudSystem.hpp">
      <Filter>include %28.hpp%29\systems</Filter>
    </ClInclude>
    <ClInclude Include="Include\systems\DebrisSystem.hpp">
      <Filter>include %28.hpp%29\systems</Filter>
    </ClInclude>
    <ClInclude Include="Include\core\FractureImpl.hpp">
      <Filter>src %28.cpp%29</Filter>
    </ClInclude>
  </ItemGroup>
</Project>